
Microsoft Visual Studio Solution File, Format Version 12.00
# Visual Studio Version 16
VisualStudioVersion = 16.0.31005.135
MinimumVisualStudioVersion = 10.0.40219.1
Project("{FAE04EC0-301F-11D3-BF4B-00C04F79EFBC}") = "WebService", "WebService\WebService.csproj", "{38900360-D5EC-485D-B555-62A32CE25323}"
EndProject
Project("{FAE04EC0-301F-11D3-BF4B-00C04F79EFBC}") = "DataAccessLayer", "..\DataAccessLayer\DataAccessLayer\DataAccessLayer.csproj", "{01734A87-AA33-498C-A376-B7157501B997}"
EndProject
Project("{FAE04EC0-301F-11D3-BF4B-00C04F79EFBC}") = "BusinessLogicLayer", "..\BusinessLogicLayer\BusinessLogicLayer\BusinessLogicLayer.csproj", "{0377FF41-8FF1-46CA-A10B-41994F98CFC8}"
EndProject
Global
	GlobalSection(SolutionConfigurationPlatforms) = preSolution
		Debug|Any CPU = Debug|Any CPU
		Release|Any CPU = Release|Any CPU
	EndGlobalSection
	GlobalSection(ProjectConfigurationPlatforms) = postSolution
		{38900360-D5EC-485D-B555-62A32CE25323}.Debug|Any CPU.ActiveCfg = Debug|Any CPU
		{38900360-D5EC-485D-B555-62A32CE25323}.Debug|Any CPU.Build.0 = Debug|Any CPU
		{38900360-D5EC-485D-B555-62A32CE25323}.Release|Any CPU.ActiveCfg = Release|Any CPU
		{38900360-D5EC-485D-B555-62A32CE25323}.Release|Any CPU.Build.0 = Release|Any CPU
		{01734A87-AA33-498C-A376-B7157501B997}.Debug|Any CPU.ActiveCfg = Debug|Any CPU
		{01734A87-AA33-498C-A376-B7157501B997}.Debug|Any CPU.Build.0 = Debug|Any CPU
		{01734A87-AA33-498C-A376-B7157501B997}.Release|Any CPU.ActiveCfg = Release|Any CPU
		{01734A87-AA33-498C-A376-B7157501B997}.Release|Any CPU.Build.0 = Release|Any CPU
		{0377FF41-8FF1-46CA-A10B-41994F98CFC8}.Debug|Any CPU.ActiveCfg = Debug|Any CPU
		{0377FF41-8FF1-46CA-A10B-41994F98CFC8}.Debug|Any CPU.Build.0 = Debug|Any CPU
		{0377FF41-8FF1-46CA-A10B-41994F98CFC8}.Release|Any CPU.ActiveCfg = Release|Any CPU
		{0377FF41-8FF1-46CA-A10B-41994F98CFC8}.Release|Any CPU.Build.0 = Release|Any CPU
	EndGlobalSection
	GlobalSection(SolutionProperties) = preSolution
		HideSolutionNode = FALSE
	EndGlobalSection
	GlobalSection(ExtensibilityGlobals) = postSolution
		SolutionGuid = {67937ED9-0EB2-47D8-8AE4-2212938567DF}
	EndGlobalSection
EndGlobal
